
Microsoft Visual Studio Solution File, Format Version 12.00
# Visual Studio Version 17
VisualStudioVersion = 17.1.32210.238
MinimumVisualStudioVersion = 10.0.40219.1
Project("{FAE04EC0-301F-11D3-BF4B-00C04F79EFBC}") = "wpf_weather_forecast_application", "wpf_weather_forecast_application.csproj", "{29A40EDB-0AD3-4FEE-B94B-1BEDA156453B}"
EndProject
Global
	GlobalSection(SolutionConfigurationPlatforms) = preSolution
		Debug|Any CPU = Debug|Any CPU
		Release|Any CPU = Release|Any CPU
	EndGlobalSection
	GlobalSection(ProjectConfigurationPlatforms) = postSolution
		{29A40EDB-0AD3-4FEE-B94B-1BEDA156453B}.Debug|Any CPU.ActiveCfg = Debug|Any CPU
		{29A40EDB-0AD3-4FEE-B94B-1BEDA156453B}.Debug|Any CPU.Build.0 = Debug|Any CPU
		{29A40EDB-0AD3-4FEE-B94B-1BEDA156453B}.Release|Any CPU.ActiveCfg = Release|Any CPU
		{29A40EDB-0AD3-4FEE-B94B-1BEDA156453B}.Release|Any CPU.Build.0 = Release|Any CPU
	EndGlobalSection
	GlobalSection(SolutionProperties) = preSolution
		HideSolutionNode = FALSE
	EndGlobalSection
	GlobalSection(ExtensibilityGlobals) = postSolution
		SolutionGuid = {D49BFC8B-7347-436D-A009-D31339C8775A}
	EndGlobalSection
EndGlobal
